{
  "name": "16.maps",
  "lockfileVersion": 2,
  "requires": true,
  "packages": {
    "": {
      "dependencies": {
        "@types/faker": "^6.6.9",
        "@types/googlemaps": "^3.43.3",
        "faker": "^6.6.6"
      },
      "devDependencies": {
        "@faker-js/faker": "^6.1.2",
        "Faker": "^0.7.2",
        "typescript": "^4.6.3"
      }
    },
    "node_modules/@faker-js/faker": {
      "version": "6.1.2",
      "resolved": "https://registry.npmjs.org/@faker-js/faker/-/faker-6.1.2.tgz",
      "integrity": "sha512-QSvmexHCxeRUk1/yKmoEDaWB5Hohjvtim5g2JJwy8S/l0L4b3y/GxSpE6vN4SBoVGGahEQW21uqyRr7EofI35A==",
      "dev": true,
      "engines": {
        "node": ">=14.0.0",
        "npm": ">=6.0.0"
      }
    },
    "node_modules/@types/faker": {
      "version": "6.6.9",
      "resolved": "https://registry.npmjs.org/@types/faker/-/faker-6.6.9.tgz",
      "integrity": "sha512-Y9YYm5L//8ooiiknO++4Gr539zzdI0j3aXnOBjo1Vk+kTvffY10GuE2wn78AFPECwZ5MYGTjiDVw1naLLdDimw==",
      "deprecated": "This is a stub types definition. faker provides its own type definitions, so you do not need this installed.",
      "dependencies": {
        "faker": "*"
      }
    },
    "node_modules/@types/faker/node_modules/faker": {
      "version": "6.6.6",
      "resolved": "https://registry.npmjs.org/faker/-/faker-6.6.6.tgz",
      "integrity": "sha512-9tCqYEDHI5RYFQigXFwF1hnCwcWCOJl/hmll0lr5D2Ljjb0o4wphb69wikeJDz5qCEzXCoPvG6ss5SDP6IfOdg=="
    },
    "node_modules/@types/googlemaps": {
      "version": "3.43.3",
      "resolved": "https://registry.npmjs.org/@types/googlemaps/-/googlemaps-3.43.3.tgz",
      "integrity": "sha512-ZWNoz/O8MPEpiajvj7QiqCY8tTLFNqNZ/a+s+zTV58wFVNAvvqV4bdGfnsjTb5Cs4V6wEsLrX8XRhmnyYJ2Tdg==",
      "deprecated": "Types for the Google Maps browser API have moved to @types/google.maps. Note: these types are not for the googlemaps npm package, which is a Node API."
    },
    "node_modules/Faker": {
      "version": "0.7.2",
      "resolved": "https://registry.npmjs.org/Faker/-/Faker-0.7.2.tgz",
      "integrity": "sha1-wkdLx3ux14AYtod9MHvX/fCC+xQ=",
      "deprecated": "Please use the (lowercase) 'faker' package from now on.",
      "dev": true
    },
    "node_modules/typescript": {
      "version": "4.6.3",
      "resolved": "https://registry.npmjs.org/typescript/-/typescript-4.6.3.tgz",
      "integrity": "sha512-yNIatDa5iaofVozS/uQJEl3JRWLKKGJKh6Yaiv0GLGSuhpFJe7P3SbHZ8/yjAHRQwKRoA6YZqlfjXWmVzoVSMw==",
      "dev": true,
      "bin": {
        "tsc": "bin/tsc",
        "tsserver": "bin/tsserver"
      },
      "engines": {
        "node": ">=4.2.0"
      }
    }
  },
  "dependencies": {
    "@faker-js/faker": {
      "version": "6.1.2",
      "resolved": "https://registry.npmjs.org/@faker-js/faker/-/faker-6.1.2.tgz",
      "integrity": "sha512-QSvmexHCxeRUk1/yKmoEDaWB5Hohjvtim5g2JJwy8S/l0L4b3y/GxSpE6vN4SBoVGGahEQW21uqyRr7EofI35A==",
      "dev": true
    },
    "@types/faker": {
      "version": "6.6.9",
      "resolved": "https://registry.npmjs.org/@types/faker/-/faker-6.6.9.tgz",
      "integrity": "sha512-Y9YYm5L//8ooiiknO++4Gr539zzdI0j3aXnOBjo1Vk+kTvffY10GuE2wn78AFPECwZ5MYGTjiDVw1naLLdDimw==",
      "requires": {
        "faker": "*"
      },
      "dependencies": {
        "faker": {
          "version": "6.6.6",
          "resolved": "https://registry.npmjs.org/faker/-/faker-6.6.6.tgz",
          "integrity": "sha512-9tCqYEDHI5RYFQigXFwF1hnCwcWCOJl/hmll0lr5D2Ljjb0o4wphb69wikeJDz5qCEzXCoPvG6ss5SDP6IfOdg=="
        }
      }
    },
    "@types/googlemaps": {
      "version": "3.43.3",
      "resolved": "https://registry.npmjs.org/@types/googlemaps/-/googlemaps-3.43.3.tgz",
      "integrity": "sha512-ZWNoz/O8MPEpiajvj7QiqCY8tTLFNqNZ/a+s+zTV58wFVNAvvqV4bdGfnsjTb5Cs4V6wEsLrX8XRhmnyYJ2Tdg=="
    },
    "Faker": {
      "version": "0.7.2",
      "resolved": "https://registry.npmjs.org/Faker/-/Faker-0.7.2.tgz",
      "integrity": "sha1-wkdLx3ux14AYtod9MHvX/fCC+xQ=",
      "dev": true
    },
    "typescript": {
      "version": "4.6.3",
      "resolved": "https://registry.npmjs.org/typescript/-/typescript-4.6.3.tgz",
      "integrity": "sha512-yNIatDa5iaofVozS/uQJEl3JRWLKKGJKh6Yaiv0GLGSuhpFJe7P3SbHZ8/yjAHRQwKRoA6YZqlfjXWmVzoVSMw==",
      "dev": true
    }
  }
}
