# THIS IS AN AUTOGENERATED FILE. DO NOT EDIT THIS FILE DIRECTLY.
# yarn lockfile v1


"@faker-js/faker@^6.1.2":
  version "6.1.2"
  resolved "https://registry.yarnpkg.com/@faker-js/faker/-/faker-6.1.2.tgz#7093ea65e6d78eae388918a46968c083366bd621"
  integrity sha512-QSvmexHCxeRUk1/yKmoEDaWB5Hohjvtim5g2JJwy8S/l0L4b3y/GxSpE6vN4SBoVGGahEQW21uqyRr7EofI35A==

"@types/faker@^6.6.9":
  version "6.6.9"
  resolved "https://registry.yarnpkg.com/@types/faker/-/faker-6.6.9.tgz#1064e7c46be58388fa326e2f918a4f02ab740a7a"
  integrity sha512-Y9YYm5L//8ooiiknO++4Gr539zzdI0j3aXnOBjo1Vk+kTvffY10GuE2wn78AFPECwZ5MYGTjiDVw1naLLdDimw==
  dependencies:
    faker "*"

Faker@^0.7.2:
  version "0.7.2"
  resolved "https://registry.yarnpkg.com/Faker/-/Faker-0.7.2.tgz#c2474bc77bb1d78018b6877d307bd7fdf082fb14"
  integrity sha1-wkdLx3ux14AYtod9MHvX/fCC+xQ=

faker@*, faker@^6.6.6:
  version "6.6.6"
  resolved "https://registry.yarnpkg.com/faker/-/faker-6.6.6.tgz#e9529da0109dca4c7c5dbfeaadbd9234af943033"
  integrity sha512-9tCqYEDHI5RYFQigXFwF1hnCwcWCOJl/hmll0lr5D2Ljjb0o4wphb69wikeJDz5qCEzXCoPvG6ss5SDP6IfOdg==

typescript@^4.6.3:
  version "4.6.3"
  resolved "https://registry.yarnpkg.com/typescript/-/typescript-4.6.3.tgz#eefeafa6afdd31d725584c67a0eaba80f6fc6c6c"
  integrity sha512-yNIatDa5iaofVozS/uQJEl3JRWLKKGJKh6Yaiv0GLGSuhpFJe7P3SbHZ8/yjAHRQwKRoA6YZqlfjXWmVzoVSMw==
